
Microsoft Visual Studio Solution File, Format Version 12.00
# Visual Studio 15
Project("{FAE04EC0-301F-11D3-BF4B-00C04F79EFBC}") = "Assembly-CSharp", "Assembly-CSharp.csproj", "{32C3EDFF-0E82-86A7-A170-1DF8C4C38B4C}"
EndProject
Project("{FAE04EC0-301F-11D3-BF4B-00C04F79EFBC}") = "Assembly-CSharp-Editor", "Assembly-CSharp-Editor.csproj", "{9CBC6065-7BCC-6114-207B-CA5C4291BABD}"
EndProject
Global
	GlobalSection(SolutionConfigurationPlatforms) = preSolution
		Debug|Any CPU = Debug|Any CPU
		Release|Any CPU = Release|Any CPU
	EndGlobalSection
	GlobalSection(ProjectConfigurationPlatforms) = postSolution
		{32C3EDFF-0E82-86A7-A170-1DF8C4C38B4C}.Debug|Any CPU.ActiveCfg = Debug|Any CPU
		{32C3EDFF-0E82-86A7-A170-1DF8C4C38B4C}.Debug|Any CPU.Build.0 = Debug|Any CPU
		{32C3EDFF-0E82-86A7-A170-1DF8C4C38B4C}.Release|Any CPU.ActiveCfg = Release|Any CPU
		{32C3EDFF-0E82-86A7-A170-1DF8C4C38B4C}.Release|Any CPU.Build.0 = Release|Any CPU
		{9CBC6065-7BCC-6114-207B-CA5C4291BABD}.Debug|Any CPU.ActiveCfg = Debug|Any CPU
		{9CBC6065-7BCC-6114-207B-CA5C4291BABD}.Debug|Any CPU.Build.0 = Debug|Any CPU
		{9CBC6065-7BCC-6114-207B-CA5C4291BABD}.Release|Any CPU.ActiveCfg = Release|Any CPU
		{9CBC6065-7BCC-6114-207B-CA5C4291BABD}.Release|Any CPU.Build.0 = Release|Any CPU
	EndGlobalSection
	GlobalSection(SolutionProperties) = preSolution
		HideSolutionNode = FALSE
	EndGlobalSection
EndGlobal
